<?xml version="1.0" encoding="utf-8"?>
<Project ToolsVersion="4.0" xmlns="http://schemas.microsoft.com/developer/msbuild/2003">
  <ItemGroup>
    <Filter Include="Source Files">
      <UniqueIdentifier>{4FC737F1-C7A5-4376-A066-2A32D752A2FF}</UniqueIdentifier>
      <Extensions>cpp;c;cc;cxx;def;odl;idl;hpj;bat;asm;asmx</Extensions>
    </Filter>
    <Filter Include="Header Files">
      <UniqueIdentifier>{93995380-89BD-4b04-88EB-625FBE52EBFB}</UniqueIdentifier>
      <Extensions>h;hh;hpp;hxx;hm;inl;inc;xsd</Extensions>
    </Filter>
    <Filter Include="Resource Files">
      <UniqueIdentifier>{67DA6AB6-F800-4c08-8B7A-83BB121AAD01}</UniqueIdentifier>
      <Extensions>rc;ico;cur;bmp;dlg;rc2;rct;bin;rgs;gif;jpg;jpeg;jpe;resx;tiff;tif;png;wav</Extensions>
    </Filter>
    <Filter Include="Source Files\Generated files">
      <UniqueIdentifier>{88c4e204-9157-4411-abc3-3bbe543e202f}</UniqueIdentifier>
    </Filter>
    <Filter Include="Source Files\GL">
      <UniqueIdentifier>{b580fc78-5d58-432c-842f-9e1ca369ba5d}</UniqueIdentifier>
    </Filter>
    <Filter Include="Source Files\View">
      <UniqueIdentifier>{2b613d89-619c-40c7-8f49-fbb3b5a869a4}</UniqueIdentifier>
    </Filter>
    <Filter Include="Source Files\Model">
      <UniqueIdentifier>{76112522-1b7a-4e6a-a678-c3774e134c4f}</UniqueIdentifier>
    </Filter>
    <Filter Include="Source Files\Utils">
      <UniqueIdentifier>{c33c41c9-9bbf-4533-ac75-2be6dc03c8a9}</UniqueIdentifier>
    </Filter>
  </ItemGroup>
  <ItemGroup>
    <ClCompile Include="viz\main.cpp">
      <Filter>Source Files</Filter>
    </ClCompile>
    <ClCompile Include="viz\moc_chartwindow.cpp">
      <Filter>Source Files\Generated files</Filter>
    </ClCompile>
    <ClCompile Include="viz\moc_export_dialog.cpp">
      <Filter>Source Files\Generated files</Filter>
    </ClCompile>
    <ClCompile Include="viz\moc_gltransect.cpp">
      <Filter>Source Files\Generated files</Filter>
    </ClCompile>
    <ClCompile Include="viz\moc_glwidget.cpp">
      <Filter>Source Files\Generated files</Filter>
    </ClCompile>
    <ClCompile Include="viz\moc_progressbar_window.cpp">
      <Filter>Source Files\Generated files</Filter>
    </ClCompile>
    <ClCompile Include="viz\moc_scrollwindow.cpp">
      <Filter>Source Files\Generated files</Filter>
    </ClCompile>
    <ClCompile Include="viz\moc_timewindow.cpp">
      <Filter>Source Files\Generated files</Filter>
    </ClCompile>
    <ClCompile Include="viz\moc_window.cpp">
      <Filter>Source Files\Generated files</Filter>
    </ClCompile>
    <ClCompile Include="viz\resources.cpp">
      <Filter>Source Files\Generated files</Filter>
    </ClCompile>
    <ClCompile Include="viz\gltransect.cpp">
      <Filter>Source Files\GL</Filter>
    </ClCompile>
    <ClCompile Include="viz\glwidget.cpp">
      <Filter>Source Files\GL</Filter>
    </ClCompile>
    <ClCompile Include="viz\trenderer.cpp">
      <Filter>Source Files\GL</Filter>
    </ClCompile>
    <ClCompile Include="viz\window.cpp">
      <Filter>Source Files\View</Filter>
    </ClCompile>
    <ClCompile Include="viz\chartwindow.cpp">
      <Filter>Source Files\View</Filter>
    </ClCompile>
    <ClCompile Include="viz\progressbar_window.cpp">
      <Filter>Source Files\View</Filter>
    </ClCompile>
    <ClCompile Include="common\progress.cpp">
      <Filter>Source Files\View</Filter>
    </ClCompile>
    <ClCompile Include="viz\scrollwindow.cpp">
      <Filter>Source Files\View</Filter>
    </ClCompile>
    <ClCompile Include="viz\shaderProgram.cpp">
      <Filter>Source Files\GL</Filter>
    </ClCompile>
    <ClCompile Include="common\region.cpp">
      <Filter>Source Files\Model</Filter>
    </ClCompile>
    <ClCompile Include="viz\scene.cpp">
      <Filter>Source Files\Model</Filter>
    </ClCompile>
    <ClCompile Include="viz\terrain.cpp">
      <Filter>Source Files\Model</Filter>
    </ClCompile>
    <ClCompile Include="..\data_importer\data_importer.cpp">
      <Filter>Source Files\Model</Filter>
    </ClCompile>
    <ClCompile Include="viz\eco.cpp">
      <Filter>Source Files\Model</Filter>
    </ClCompile>
    <ClCompile Include="viz\shape.cpp">
      <Filter>Source Files\Model</Filter>
    </ClCompile>
    <ClCompile Include="viz\descriptor.cpp">
      <Filter>Source Files\Model</Filter>
    </ClCompile>
    <ClCompile Include="viz\cohortmaps.cpp">
      <Filter>Source Files\Model</Filter>
    </ClCompile>
    <ClCompile Include="viz\cohortsampler.cpp">
      <Filter>Source Files\Model</Filter>
    </ClCompile>
    <ClCompile Include="..\common\custom_exceptions.cpp">
      <Filter>Source Files\Utils</Filter>
    </ClCompile>
    <ClCompile Include="viz\dice_roller.cpp">
      <Filter>Source Files\Utils</Filter>
    </ClCompile>
    <ClCompile Include="viz\export_dialog.cpp">
      <Filter>Source Files\View</Filter>
    </ClCompile>
    <ClCompile Include="common\initialize.cpp">
      <Filter>Source Files\Utils</Filter>
    </ClCompile>
    <ClCompile Include="common\mathutils.cpp">
      <Filter>Source Files\Utils</Filter>
    </ClCompile>
    <ClCompile Include="viz\pft.cpp">
      <Filter>Source Files\Model</Filter>
    </ClCompile>
    <ClCompile Include="common\stats.cpp">
      <Filter>Source Files\Utils</Filter>
    </ClCompile>
    <ClCompile Include="viz\stroke.cpp">
      <Filter>Source Files\GL</Filter>
    </ClCompile>
    <ClCompile Include="viz\timer.cpp">
      <Filter>Source Files\Utils</Filter>
    </ClCompile>
    <ClCompile Include="common\timer2.cpp">
      <Filter>Source Files\Utils</Filter>
    </ClCompile>
    <ClCompile Include="viz\timewindow.cpp">
      <Filter>Source Files\View</Filter>
    </ClCompile>
    <ClCompile Include="viz\vecpnt.cpp">
      <Filter>Source Files\Utils</Filter>
    </ClCompile>
    <ClCompile Include="viz\view.cpp">
      <Filter>Source Files\Utils</Filter>
    </ClCompile>
    <ClCompile Include="viz\typemap.cpp">
      <Filter>Source Files\Model</Filter>
    </ClCompile>
  </ItemGroup>
  <ItemGroup>
    <ClInclude Include="common\constraint_interface.h">
      <Filter>Header Files</Filter>
    </ClInclude>
    <ClInclude Include="common\debug_string.h">
      <Filter>Header Files</Filter>
    </ClInclude>
    <ClInclude Include="common\debug_unordered_map.h">
      <Filter>Header Files</Filter>
    </ClInclude>
    <ClInclude Include="common\debug_vector.h">
      <Filter>Header Files</Filter>
    </ClInclude>
    <ClInclude Include="common\initialize.h">
      <Filter>Header Files</Filter>
    </ClInclude>
    <ClInclude Include="common\mathutils.h">
      <Filter>Header Files</Filter>
    </ClInclude>
    <ClInclude Include="common\obj.h">
      <Filter>Header Files</Filter>
    </ClInclude>
    <ClInclude Include="common\progress.h">
      <Filter>Header Files</Filter>
    </ClInclude>
    <ClInclude Include="common\region.h">
      <Filter>Header Files</Filter>
    </ClInclude>
    <ClInclude Include="common\serialize.h">
      <Filter>Header Files</Filter>
    </ClInclude>
    <ClInclude Include="common\stats.h">
      <Filter>Header Files</Filter>
    </ClInclude>
    <ClInclude Include="common\str.h">
      <Filter>Header Files</Filter>
    </ClInclude>
    <ClInclude Include="common\timer2.h">
      <Filter>Header Files</Filter>
    </ClInclude>
    <ClInclude Include="khronos_headers\cl\cl.h">
      <Filter>Header Files</Filter>
    </ClInclude>
    <ClInclude Include="khronos_headers\cl\cl_d3d10.h">
      <Filter>Header Files</Filter>
    </ClInclude>
    <ClInclude Include="khronos_headers\cl\cl_d3d11.h">
      <Filter>Header Files</Filter>
    </ClInclude>
    <ClInclude Include="khronos_headers\cl\cl_dx9_media_sharing.h">
      <Filter>Header Files</Filter>
    </ClInclude>
    <ClInclude Include="khronos_headers\cl\cl_ext.h">
      <Filter>Header Files</Filter>
    </ClInclude>
    <ClInclude Include="khronos_headers\cl\cl_gl.h">
      <Filter>Header Files</Filter>
    </ClInclude>
    <ClInclude Include="khronos_headers\cl\cl_gl_ext.h">
      <Filter>Header Files</Filter>
    </ClInclude>
    <ClInclude Include="khronos_headers\cl\cl_platform.h">
      <Filter>Header Files</Filter>
    </ClInclude>
    <ClInclude Include="khronos_headers\cl\opencl.h">
      <Filter>Header Files</Filter>
    </ClInclude>
    <ClInclude Include="khronos_headers\cl\cl.hpp">
      <Filter>Header Files</Filter>
    </ClInclude>
    <ClInclude Include="khronos_headers\egl\egl.h">
      <Filter>Header Files</Filter>
    </ClInclude>
    <ClInclude Include="khronos_headers\egl\eglext.h">
      <Filter>Header Files</Filter>
    </ClInclude>
    <ClInclude Include="khronos_headers\egl\eglplatform.h">
      <Filter>Header Files</Filter>
    </ClInclude>
    <ClInclude Include="khronos_headers\gl\gl3.h">
      <Filter>Header Files</Filter>
    </ClInclude>
    <ClInclude Include="khronos_headers\gl\glext.h">
      <Filter>Header Files</Filter>
    </ClInclude>
    <ClInclude Include="khronos_headers\gl\glxext.h">
      <Filter>Header Files</Filter>
    </ClInclude>
    <ClInclude Include="khronos_headers\gl\wglext.h">
      <Filter>Header Files</Filter>
    </ClInclude>
    <ClInclude Include="khronos_headers\gles\egl.h">
      <Filter>Header Files</Filter>
    </ClInclude>
    <ClInclude Include="khronos_headers\gles\gl.h">
      <Filter>Header Files</Filter>
    </ClInclude>
    <ClInclude Include="khronos_headers\gles\glext.h">
      <Filter>Header Files</Filter>
    </ClInclude>
    <ClInclude Include="khronos_headers\gles\glplatform.h">
      <Filter>Header Files</Filter>
    </ClInclude>
    <ClInclude Include="khronos_headers\gles2\gl2.h">
      <Filter>Header Files</Filter>
    </ClInclude>
    <ClInclude Include="khronos_headers\gles2\gl2ext.h">
      <Filter>Header Files</Filter>
    </ClInclude>
    <ClInclude Include="khronos_headers\gles2\gl2platform.h">
      <Filter>Header Files</Filter>
    </ClInclude>
    <ClInclude Include="khronos_headers\kd\kd.h">
      <Filter>Header Files</Filter>
    </ClInclude>
    <ClInclude Include="khronos_headers\kd\kdplatform.h">
      <Filter>Header Files</Filter>
    </ClInclude>
    <ClInclude Include="khronos_headers\kd\KHR_float64.h">
      <Filter>Header Files</Filter>
    </ClInclude>
    <ClInclude Include="khronos_headers\kd\KHR_formatted.h">
      <Filter>Header Files</Filter>
    </ClInclude>
    <ClInclude Include="khronos_headers\kd\KHR_perfcounter.h">
      <Filter>Header Files</Filter>
    </ClInclude>
    <ClInclude Include="khronos_headers\kd\KHR_thread_storage.h">
      <Filter>Header Files</Filter>
    </ClInclude>
    <ClInclude Include="khronos_headers\khr\khrplatform.h">
      <Filter>Header Files</Filter>
    </ClInclude>
    <ClInclude Include="khronos_headers\vg\openvg.h">
      <Filter>Header Files</Filter>
    </ClInclude>
    <ClInclude Include="khronos_headers\vg\vgext.h">
      <Filter>Header Files</Filter>
    </ClInclude>
    <ClInclude Include="khronos_headers\vg\vgplatform.h">
      <Filter>Header Files</Filter>
    </ClInclude>
    <ClInclude Include="khronos_headers\vg\vgu.h">
      <Filter>Header Files</Filter>
    </ClInclude>
    <ClInclude Include="out\build\x64-debug\cmakefiles\showincludes\foo.h">
      <Filter>Header Files</Filter>
    </ClInclude>
    <ClInclude Include="viz\cohortmaps.h">
      <Filter>Header Files</Filter>
    </ClInclude>
    <ClInclude Include="viz\cohortsampler.h">
      <Filter>Header Files</Filter>
    </ClInclude>
    <ClInclude Include="viz\descriptor.h">
      <Filter>Header Files</Filter>
    </ClInclude>
    <ClInclude Include="viz\dice_roller.h">
      <Filter>Header Files</Filter>
    </ClInclude>
    <ClInclude Include="viz\eco.h">
      <Filter>Header Files</Filter>
    </ClInclude>
    <ClInclude Include="viz\glheaders.h">
      <Filter>Header Files</Filter>
    </ClInclude>
    <ClInclude Include="viz\pft.h">
      <Filter>Header Files</Filter>
    </ClInclude>
    <ClInclude Include="viz\scene.h">
      <Filter>Header Files</Filter>
    </ClInclude>
    <ClInclude Include="viz\shaderProgram.h">
      <Filter>Header Files</Filter>
    </ClInclude>
    <ClInclude Include="viz\shape.h">
      <Filter>Header Files</Filter>
    </ClInclude>
    <ClInclude Include="viz\stroke.h">
      <Filter>Header Files</Filter>
    </ClInclude>
    <ClInclude Include="viz\terrain.h">
      <Filter>Header Files</Filter>
    </ClInclude>
    <ClInclude Include="viz\timer.h">
      <Filter>Header Files</Filter>
    </ClInclude>
    <ClInclude Include="viz\trenderer.h">
      <Filter>Header Files</Filter>
    </ClInclude>
    <ClInclude Include="viz\typemap.h">
      <Filter>Header Files</Filter>
    </ClInclude>
    <ClInclude Include="viz\vecpnt.h">
      <Filter>Header Files</Filter>
    </ClInclude>
    <ClInclude Include="viz\view.h">
      <Filter>Header Files</Filter>
    </ClInclude>
    <ClInclude Include="..\data_importer\data_importer.h">
      <Filter>Header Files</Filter>
    </ClInclude>
    <ClInclude Include="..\common\basic_types.h">
      <Filter>Header Files</Filter>
    </ClInclude>
    <ClInclude Include="viz\mitsuba_model.h">
      <Filter>Header Files</Filter>
    </ClInclude>
    <ClInclude Include="viz\hash_table.h">
      <Filter>Header Files</Filter>
    </ClInclude>
  </ItemGroup>
  <ItemGroup>
    <None Include="doc\html\graph_legend.html" />
    <None Include="doc\html\index.html" />
    <None Include="doc\html\search\nomatches.html" />
    <None Include="packages.config" />
  </ItemGroup>
  <ItemGroup>
    <CustomBuild Include="viz\gltransect.h">
      <Filter>Header Files</Filter>
    </CustomBuild>
    <CustomBuild Include="viz\glwidget.h">
      <Filter>Header Files</Filter>
    </CustomBuild>
    <CustomBuild Include="viz\progressbar_window.h">
      <Filter>Header Files</Filter>
    </CustomBuild>
    <CustomBuild Include="viz\scrollwindow.h">
      <Filter>Header Files</Filter>
    </CustomBuild>
    <CustomBuild Include="viz\timewindow.h">
      <Filter>Header Files</Filter>
    </CustomBuild>
    <CustomBuild Include="viz\window.h">
      <Filter>Header Files</Filter>
    </CustomBuild>
    <CustomBuild Include="viz\chartwindow.h">
      <Filter>Header Files</Filter>
    </CustomBuild>
    <CustomBuild Include="common\source2cpp.h">
      <Filter>Header Files</Filter>
    </CustomBuild>
    <CustomBuild Include="viz\export_dialog.h">
      <Filter>Header Files</Filter>
    </CustomBuild>
    <CustomBuild Include="viz\UI\resources.qrc">
      <Filter>Resource Files</Filter>
    </CustomBuild>
  </ItemGroup>
</Project>